[[package]]
name = "asyncio-dgram"
version = "2.1.2"
description = "Higher level Datagram support for Asyncio"
category = "main"
optional = false
python-versions = ">=3.5"

[package.extras]
test = ["black (>=20.8b1)", "flake8 (>=3.8.3)", "mypy-extensions (>=0.4.3)", "mypy (>=0.812)", "pytest-asyncio (>=0.14.0)", "pytest (>=5.4.3)", "typed-ast (>=1.4.3)", "typing-extensions (>=3.10.0.0)"]

[[package]]
name = "dnspython"
version = "2.2.1"
description = "DNS toolkit"
category = "main"
optional = false
python-versions = ">=3.6,<4.0"

[package.extras]
dnssec = ["cryptography (>=2.6,<37.0)"]
curio = ["curio (>=1.2,<2.0)", "sniffio (>=1.1,<2.0)"]
doh = ["h2 (>=4.1.0)", "httpx (>=0.21.1)", "requests (>=2.23.0,<3.0.0)", "requests-toolbelt (>=0.9.1,<0.10.0)"]
idna = ["idna (>=2.1,<4.0)"]
trio = ["trio (>=0.14,<0.20)"]
wmi = ["wmi (>=1.5.1,<2.0.0)"]

[[package]]
name = "mcstatus"
version = "9.4.2"
description = "A library to query Minecraft Servers for their status and capabilities."
category = "main"
optional = false
python-versions = ">=3.7,<4"

[package.dependencies]
asyncio-dgram = "2.1.2"
dnspython = "2.2.1"

[[package]]
name = "prometheus-client"
version = "0.14.1"
description = "Python client for the Prometheus monitoring system."
category = "main"
optional = false
python-versions = ">=3.6"

[package.extras]
twisted = ["twisted"]

[[package]]
name = "schedule"
version = "1.1.0"
description = "Job scheduling for humans."
category = "main"
optional = false
python-versions = ">=3.6"

[metadata]
lock-version = "1.1"
python-versions = "^3.9"
content-hash = "ad8b8975017cbee9d4eba219a5a008d05211751a3bfca7bd62ef9ec5b9720423"

[metadata.files]
asyncio-dgram = [
    {file = "asyncio-dgram-2.1.2.tar.gz", hash = "sha256:bc28a90bc0523009fb0da16ca983c1400ff403a315754d86e037910563697f91"},
    {file = "asyncio_dgram-2.1.2-py3-none-any.whl", hash = "sha256:9ef55fc760f93c8212709329a1e28a1cf1c1f0fc8222f1be0227c2b7606a10a2"},
]
dnspython = [
    {file = "dnspython-2.2.1-py3-none-any.whl", hash = "sha256:a851e51367fb93e9e1361732c1d60dab63eff98712e503ea7d92e6eccb109b4f"},
    {file = "dnspython-2.2.1.tar.gz", hash = "sha256:0f7569a4a6ff151958b64304071d370daa3243d15941a7beedf0c9fe5105603e"},
]
mcstatus = [
    {file = "mcstatus-9.4.2-py3-none-any.whl", hash = "sha256:9081e402e3782284d15a804af5170738d79bf44cb14e0beeaa5d5c36ab42eff9"},
    {file = "mcstatus-9.4.2.tar.gz", hash = "sha256:44f435f5334ad17b7c0156de1d02524a60a7af716c5731da7f5f6054058d0b83"},
]
prometheus-client = [
    {file = "prometheus_client-0.14.1-py3-none-any.whl", hash = "sha256:522fded625282822a89e2773452f42df14b5a8e84a86433e3f8a189c1d54dc01"},
    {file = "prometheus_client-0.14.1.tar.gz", hash = "sha256:5459c427624961076277fdc6dc50540e2bacb98eebde99886e59ec55ed92093a"},
]
schedule = [
    {file = "schedule-1.1.0-py2.py3-none-any.whl", hash = "sha256:617adce8b4bf38c360b781297d59918fbebfb2878f1671d189f4f4af5d0567a4"},
    {file = "schedule-1.1.0.tar.gz", hash = "sha256:e6ca13585e62c810e13a08682e0a6a8ad245372e376ba2b8679294f377dfc8e4"},
]
